schema: '2.0'
stages:
  convert_to_zarr:
    cmd: uv run scripts/data/convert_to_zarr.py --overwrite
    deps:
    - path: data/raw
      hash: md5
      md5: 3c4ca0459295b4ca006ce328419636ab.dir
      size: 10465104936
      nfiles: 9
    - path: scripts/data/convert_to_zarr.py
      hash: md5
      md5: 3a542bbb4c4d1a57d66ecc0a2ed1ccf4
      size: 2469
    - path: src/mhd_surrogate/data/conversion.py
      hash: md5
      md5: 630fbb46aedca2443cea7e2ba458ddf7
      size: 2431
    outs:
    - path: data/processed/re16k_t400.zarr
      hash: md5
      md5: 2dc98618c845bdf17445bc3b15f59ca7.dir
      size: 9441145296
      nfiles: 293
  compute_stats:
    cmd: uv run scripts/data/compute_stats.py
    deps:
    - path: data/processed/re16k_t400.zarr
      hash: md5
      md5: 2dc98618c845bdf17445bc3b15f59ca7.dir
      size: 9441145296
      nfiles: 293
    - path: scripts/data/compute_stats.py
      hash: md5
      md5: 9945680b3c54e62594e12f3cd2009866
      size: 2979
    - path: src/mhd_surrogate/data/normalization.py
      hash: md5
      md5: ec64ef70263faa54e3fbd7d1d5b620f2
      size: 9420
    params:
      configs/data/re16k.yaml:
        train_datasets:
        - re16k_t400_0
        - re16k_t400_1
        - re16k_t400_2
        - re16k_t400_3
        - re16k_t400_4
        - re16k_t400_9
        - re16k_t400_10
        zarr_store: data/processed/re16k_t400.zarr
    outs:
    - path: data/processed/normalization_stats.json
      hash: md5
      md5: 603bc434b437b41486a9ecc5639b0df7
      size: 377
  train:
    cmd: uv run scripts/training/train.py model=dmd export.dir=models/dmd
    deps:
    - path: configs/analysis/grid.yaml
      hash: md5
      md5: 3d0556d5c7871f432d7b16ae2700c3ad
      size: 825
    - path: data/processed/normalization_stats.json
      hash: md5
      md5: 603bc434b437b41486a9ecc5639b0df7
      size: 377
    - path: data/processed/re16k_t400.zarr
      hash: md5
      md5: 2dc98618c845bdf17445bc3b15f59ca7.dir
      size: 9441145296
      nfiles: 293
    - path: scripts/training/train.py
      hash: md5
      md5: 9fda9fb28850e069b905eaf085d24c0d
      size: 9307
    - path: src/mhd_surrogate/__init__.py
      hash: md5
      md5: d41d8cd98f00b204e9800998ecf8427e
      size: 0
    - path: src/mhd_surrogate/analysis/__init__.py
      hash: md5
      md5: d41d8cd98f00b204e9800998ecf8427e
      size: 0
    - path: src/mhd_surrogate/analysis/fields.py
      hash: md5
      md5: c95da48a655a249b4f5d46fc53f89879
      size: 1627
    - path: src/mhd_surrogate/analysis/spectral.py
      hash: md5
      md5: a383650f8fdc13616ecbe197af251ffb
      size: 7066
    - path: src/mhd_surrogate/data/__init__.py
      hash: md5
      md5: d41d8cd98f00b204e9800998ecf8427e
      size: 0
    - path: src/mhd_surrogate/data/grid.py
      hash: md5
      md5: 838dd3ea41d2816c0b63e6b6187b0729
      size: 503
    - path: src/mhd_surrogate/data/normalization.py
      hash: md5
      md5: ec64ef70263faa54e3fbd7d1d5b620f2
      size: 9420
    - path: src/mhd_surrogate/data/versioning.py
      hash: md5
      md5: ad83b714550bb0aa49d430d32ee0fff6
      size: 1480
    - path: src/mhd_surrogate/evaluation
      hash: md5
      md5: f41a0852c9d3bbb8a843e5890a2362b1.dir
      size: 13720
      nfiles: 5
    - path: src/mhd_surrogate/models
      hash: md5
      md5: 4888dbc52f08543cca1ae582cc351b24.dir
      size: 29938
      nfiles: 6
    - path: src/mhd_surrogate/training
      hash: md5
      md5: 79483adbdd74c64d9faeca33bd8a7e99.dir
      size: 9495
      nfiles: 5
    - path: src/mhd_surrogate/utils/__init__.py
      hash: md5
      md5: d41d8cd98f00b204e9800998ecf8427e
      size: 0
    - path: src/mhd_surrogate/utils/parallel.py
      hash: md5
      md5: 1768d796dfd0a2d5615933712f40eed3
      size: 8255
    params:
      configs/data/re16k.yaml:
        context_steps: 80
        train_datasets:
        - re16k_t400_0
        - re16k_t400_1
        - re16k_t400_2
        - re16k_t400_3
        - re16k_t400_4
        - re16k_t400_9
        - re16k_t400_10
        val_dataset: re16k_t400_6
        zarr_store: data/processed/re16k_t400.zarr
      configs/evaluation/default.yaml:
        report_leads:
        - 1
        - 10
        - 40
        - 100
        skill_threshold: 0.5
        train_datasets:
        - re16k_t400_0
      configs/model/dmd.yaml:
        rank: 750
        stabilize: true
      configs/normalization/per_channel.yaml:
        std_mode: per_channel
    outs:
    - path: models/dmd/metrics.json
      hash: md5
      md5: 1b7148b25807ef6de26a25744dba6428
      size: 1001
    - path: models/dmd/model
      hash: md5
      md5: be02127f9ba34b832a61fd634096b977.dir
      size: 887245072
      nfiles: 2
