schema: '2.0'
stages:
  convert_to_zarr:
    cmd: uv run scripts/data/convert_to_zarr.py --overwrite
    deps:
    - path: data/raw
      hash: md5
      md5: 3c4ca0459295b4ca006ce328419636ab.dir
      size: 10465104936
      nfiles: 9
    - path: scripts/data/convert_to_zarr.py
      hash: md5
      md5: 3a542bbb4c4d1a57d66ecc0a2ed1ccf4
      size: 2469
    - path: src/mhd_surrogate/data/conversion.py
      hash: md5
      md5: 630fbb46aedca2443cea7e2ba458ddf7
      size: 2431
    outs:
    - path: data/processed/re16k_t400.zarr
      hash: md5
      md5: 2dc98618c845bdf17445bc3b15f59ca7.dir
      size: 9441145296
      nfiles: 293
  compute_stats:
    cmd: uv run scripts/data/compute_stats.py
    deps:
    - path: data/processed/re16k_t400.zarr
      hash: md5
      md5: 2dc98618c845bdf17445bc3b15f59ca7.dir
      size: 9441145296
      nfiles: 293
    - path: scripts/data/compute_stats.py
      hash: md5
      md5: 9945680b3c54e62594e12f3cd2009866
      size: 2979
    - path: src/mhd_surrogate/data/normalization.py
      hash: md5
      md5: ec64ef70263faa54e3fbd7d1d5b620f2
      size: 9420
    params:
      configs/data/re16k.yaml:
        train_datasets:
        - re16k_t400_0
        - re16k_t400_1
        - re16k_t400_2
        - re16k_t400_3
        - re16k_t400_4
        - re16k_t400_9
        - re16k_t400_10
        zarr_store: data/processed/re16k_t400.zarr
    outs:
    - path: data/processed/normalization_stats.json
      hash: md5
      md5: 603bc434b437b41486a9ecc5639b0df7
      size: 377
  train:
    cmd: uv run scripts/training/train.py model=hankel_dmd 
      export.dir=models/hankel_dmd evaluation.final=false 
      jax.deterministic_ops=true
    deps:
    - path: configs/analysis/grid.yaml
      hash: md5
      md5: 3d0556d5c7871f432d7b16ae2700c3ad
      size: 825
    - path: data/processed/normalization_stats.json
      hash: md5
      md5: 603bc434b437b41486a9ecc5639b0df7
      size: 377
    - path: data/processed/re16k_t400.zarr
      hash: md5
      md5: 2dc98618c845bdf17445bc3b15f59ca7.dir
      size: 9441145296
      nfiles: 293
    - path: scripts/training/train.py
      hash: md5
      md5: 4cb0061c793acdea1ce994d1dffe6a22
      size: 4077
    - path: src/mhd_surrogate/__init__.py
      hash: md5
      md5: d41d8cd98f00b204e9800998ecf8427e
      size: 0
    - path: src/mhd_surrogate/analysis/__init__.py
      hash: md5
      md5: d41d8cd98f00b204e9800998ecf8427e
      size: 0
    - path: src/mhd_surrogate/analysis/fields.py
      hash: md5
      md5: c95da48a655a249b4f5d46fc53f89879
      size: 1627
    - path: src/mhd_surrogate/data/__init__.py
      hash: md5
      md5: d41d8cd98f00b204e9800998ecf8427e
      size: 0
    - path: src/mhd_surrogate/data/grid.py
      hash: md5
      md5: 838dd3ea41d2816c0b63e6b6187b0729
      size: 503
    - path: src/mhd_surrogate/data/normalization.py
      hash: md5
      md5: ec64ef70263faa54e3fbd7d1d5b620f2
      size: 9420
    - path: src/mhd_surrogate/data/versioning.py
      hash: md5
      md5: ad83b714550bb0aa49d430d32ee0fff6
      size: 1480
    - path: src/mhd_surrogate/evaluation/__init__.py
      hash: md5
      md5: d41d8cd98f00b204e9800998ecf8427e
      size: 0
    - path: src/mhd_surrogate/evaluation/metrics.py
      hash: md5
      md5: 870f966e65d1dc8fdbff20f8b2aa737a
      size: 2728
    - path: src/mhd_surrogate/evaluation/protocol.py
      hash: md5
      md5: bcd0af22015e2e49ca36cd084a56b380
      size: 6903
    - path: src/mhd_surrogate/evaluation/quantities.py
      hash: md5
      md5: e44a26ac69dca46aacf80c5552d84ca5
      size: 981
    - path: src/mhd_surrogate/evaluation/selection.py
      hash: md5
      md5: c513aaf6e8eff37d2f3bc74392b11b4d
      size: 2599
    - path: src/mhd_surrogate/evaluation/stability.py
      hash: md5
      md5: 6e1ff7f6cb92b1c673ca0807a25a0387
      size: 4415
    - path: src/mhd_surrogate/models/__init__.py
      hash: md5
      md5: d41d8cd98f00b204e9800998ecf8427e
      size: 0
    - path: src/mhd_surrogate/models/base.py
      hash: md5
      md5: 963a0132332e9b36582dfb54d63328bc
      size: 3752
    - path: src/mhd_surrogate/models/dmd.py
      hash: md5
      md5: 74c770078a008df7d31a5f40bf30e112
      size: 12819
    - path: src/mhd_surrogate/models/hankel_dmd.py
      hash: md5
      md5: a354860cf4c5e8a0f89500cd35c2f824
      size: 10166
    - path: src/mhd_surrogate/models/registry.py
      hash: md5
      md5: 18e4e51ebb8490c1569ad1610063cdb1
      size: 1741
    - path: src/mhd_surrogate/training/__init__.py
      hash: md5
      md5: d41d8cd98f00b204e9800998ecf8427e
      size: 0
    - path: src/mhd_surrogate/training/export.py
      hash: md5
      md5: 92d5723c2643e117d0ff24db07112d71
      size: 1929
    - path: src/mhd_surrogate/training/mlflow_model.py
      hash: md5
      md5: 4bc767b7caaee3bb9a64fe072b7467d4
      size: 4176
    - path: src/mhd_surrogate/training/mlflow_utils.py
      hash: md5
      md5: 42e538766a9f73593cd6ed9c2c030328
      size: 2199
    - path: src/mhd_surrogate/training/run.py
      hash: md5
      md5: 277f57e2bd0e910df39c79cc02cecf40
      size: 9022
    - path: src/mhd_surrogate/training/tracking.py
      hash: md5
      md5: f7ac0ed45b5a5cb13688f36dcdbd59d1
      size: 5213
    - path: src/mhd_surrogate/utils/__init__.py
      hash: md5
      md5: d41d8cd98f00b204e9800998ecf8427e
      size: 0
    - path: src/mhd_surrogate/utils/hydra_resolvers.py
      hash: md5
      md5: ed74e5be1ec98086305dcdbd3ec15aa2
      size: 746
    - path: src/mhd_surrogate/utils/jax_cache.py
      hash: md5
      md5: addd4bccd9b3a3c155ce933c0a3dd798
      size: 2166
    - path: src/mhd_surrogate/utils/jax_determinism.py
      hash: md5
      md5: bc4518fb1a024b36fa0f7c48a14de4bc
      size: 2182
    - path: src/mhd_surrogate/utils/parallel.py
      hash: md5
      md5: 12780c8a2ef5c2334e0873254eb1eac2
      size: 8491
    params:
      configs/data/re16k.yaml:
        context_steps: 80
        train_datasets:
        - re16k_t400_0
        - re16k_t400_1
        - re16k_t400_2
        - re16k_t400_3
        - re16k_t400_4
        - re16k_t400_9
        - re16k_t400_10
        val_dataset: re16k_t400_6
        zarr_store: data/processed/re16k_t400.zarr
      configs/evaluation/default.yaml:
        skill_threshold: 0.5
        stability:
          block_steps: 100
          max_ratio: 2.0
        tie_break_lead: 10
      configs/model/hankel_dmd.yaml:
        delays: 4
        rank: 1000
        spatial_rank: 750
        stabilize: true
      configs/normalization/per_channel.yaml:
        std_mode: per_channel
    outs:
    - path: models/hankel_dmd/model
      hash: md5
      md5: e175d98a7035bdf06e9c7f7c38b7fc0c.dir
      size: 906249481
      nfiles: 2
  evaluate:
    cmd: uv run scripts/evaluation/evaluate_checkpoint.py 
      checkpoint=models/hankel_dmd/model export.dir=models/hankel_dmd 
      jax.deterministic_ops=true
    deps:
    - path: configs/analysis/grid.yaml
      hash: md5
      md5: 3d0556d5c7871f432d7b16ae2700c3ad
      size: 825
    - path: data/processed/normalization_stats.json
      hash: md5
      md5: 603bc434b437b41486a9ecc5639b0df7
      size: 377
    - path: data/processed/re16k_t400.zarr
      hash: md5
      md5: 2dc98618c845bdf17445bc3b15f59ca7.dir
      size: 9441145296
      nfiles: 293
    - path: models/hankel_dmd/model
      hash: md5
      md5: e175d98a7035bdf06e9c7f7c38b7fc0c.dir
      size: 906249481
      nfiles: 2
    - path: scripts/evaluation/evaluate_checkpoint.py
      hash: md5
      md5: 79ab8ca1e7506513fd4ee8217483f61d
      size: 1667
    - path: src/mhd_surrogate/__init__.py
      hash: md5
      md5: d41d8cd98f00b204e9800998ecf8427e
      size: 0
    - path: src/mhd_surrogate/analysis/__init__.py
      hash: md5
      md5: d41d8cd98f00b204e9800998ecf8427e
      size: 0
    - path: src/mhd_surrogate/analysis/fields.py
      hash: md5
      md5: c95da48a655a249b4f5d46fc53f89879
      size: 1627
    - path: src/mhd_surrogate/analysis/spectral.py
      hash: md5
      md5: a383650f8fdc13616ecbe197af251ffb
      size: 7066
    - path: src/mhd_surrogate/data/__init__.py
      hash: md5
      md5: d41d8cd98f00b204e9800998ecf8427e
      size: 0
    - path: src/mhd_surrogate/data/grid.py
      hash: md5
      md5: 838dd3ea41d2816c0b63e6b6187b0729
      size: 503
    - path: src/mhd_surrogate/data/normalization.py
      hash: md5
      md5: ec64ef70263faa54e3fbd7d1d5b620f2
      size: 9420
    - path: src/mhd_surrogate/data/versioning.py
      hash: md5
      md5: ad83b714550bb0aa49d430d32ee0fff6
      size: 1480
    - path: src/mhd_surrogate/evaluation
      hash: md5
      md5: bf4ce77cf5a7fc3095be10f7a25d079d.dir
      size: 44330
      nfiles: 11
    - path: src/mhd_surrogate/models/__init__.py
      hash: md5
      md5: d41d8cd98f00b204e9800998ecf8427e
      size: 0
    - path: src/mhd_surrogate/models/base.py
      hash: md5
      md5: 963a0132332e9b36582dfb54d63328bc
      size: 3752
    - path: src/mhd_surrogate/models/dmd.py
      hash: md5
      md5: 74c770078a008df7d31a5f40bf30e112
      size: 12819
    - path: src/mhd_surrogate/models/hankel_dmd.py
      hash: md5
      md5: a354860cf4c5e8a0f89500cd35c2f824
      size: 10166
    - path: src/mhd_surrogate/models/registry.py
      hash: md5
      md5: 18e4e51ebb8490c1569ad1610063cdb1
      size: 1741
    - path: src/mhd_surrogate/training/__init__.py
      hash: md5
      md5: d41d8cd98f00b204e9800998ecf8427e
      size: 0
    - path: src/mhd_surrogate/training/export.py
      hash: md5
      md5: 92d5723c2643e117d0ff24db07112d71
      size: 1929
    - path: src/mhd_surrogate/training/mlflow_utils.py
      hash: md5
      md5: 42e538766a9f73593cd6ed9c2c030328
      size: 2199
    - path: src/mhd_surrogate/training/scoring.py
      hash: md5
      md5: 7b1593f95e40d988046de1c18389e52a
      size: 8043
    - path: src/mhd_surrogate/training/tracking.py
      hash: md5
      md5: f7ac0ed45b5a5cb13688f36dcdbd59d1
      size: 5213
    - path: src/mhd_surrogate/utils/__init__.py
      hash: md5
      md5: d41d8cd98f00b204e9800998ecf8427e
      size: 0
    - path: src/mhd_surrogate/utils/hydra_resolvers.py
      hash: md5
      md5: ed74e5be1ec98086305dcdbd3ec15aa2
      size: 746
    - path: src/mhd_surrogate/utils/jax_cache.py
      hash: md5
      md5: addd4bccd9b3a3c155ce933c0a3dd798
      size: 2166
    - path: src/mhd_surrogate/utils/jax_determinism.py
      hash: md5
      md5: bc4518fb1a024b36fa0f7c48a14de4bc
      size: 2182
    - path: src/mhd_surrogate/utils/parallel.py
      hash: md5
      md5: 12780c8a2ef5c2334e0873254eb1eac2
      size: 8491
    params:
      configs/data/re16k.yaml:
        context_steps: 80
        train_datasets:
        - re16k_t400_0
        - re16k_t400_1
        - re16k_t400_2
        - re16k_t400_3
        - re16k_t400_4
        - re16k_t400_9
        - re16k_t400_10
        val_dataset: re16k_t400_6
        zarr_store: data/processed/re16k_t400.zarr
      configs/evaluation/default.yaml:
        report_leads:
        - 1
        - 10
        - 40
        - 100
        skill_threshold: 0.5
        stability:
          block_steps: 100
          max_ratio: 2.0
        train_datasets:
        - re16k_t400_0
      configs/normalization/per_channel.yaml:
        std_mode: per_channel
    outs:
    - path: models/hankel_dmd/metrics.json
      hash: md5
      md5: adba5a76d0f3453d637dc64e4e4fb1cf
      size: 1690
  gate:
    cmd: uv run scripts/evaluation/gate_checkpoint.py 
      checkpoint=models/hankel_dmd/model export.dir=models/hankel_dmd 
      jax.deterministic_ops=true
    deps:
    - path: configs/analysis/grid.yaml
      hash: md5
      md5: 3d0556d5c7871f432d7b16ae2700c3ad
      size: 825
    - path: data/processed/re16k_t400.zarr
      hash: md5
      md5: 2dc98618c845bdf17445bc3b15f59ca7.dir
      size: 9441145296
      nfiles: 293
    - path: models/hankel_dmd/metrics.json
      hash: md5
      md5: adba5a76d0f3453d637dc64e4e4fb1cf
      size: 1690
    - path: models/hankel_dmd/model
      hash: md5
      md5: e175d98a7035bdf06e9c7f7c38b7fc0c.dir
      size: 906249481
      nfiles: 2
    - path: scripts/evaluation/gate_checkpoint.py
      hash: md5
      md5: 3230479fd6c253be824d81d25fe5c0b8
      size: 1848
    - path: src/mhd_surrogate/__init__.py
      hash: md5
      md5: d41d8cd98f00b204e9800998ecf8427e
      size: 0
    - path: src/mhd_surrogate/analysis/__init__.py
      hash: md5
      md5: d41d8cd98f00b204e9800998ecf8427e
      size: 0
    - path: src/mhd_surrogate/analysis/fields.py
      hash: md5
      md5: c95da48a655a249b4f5d46fc53f89879
      size: 1627
    - path: src/mhd_surrogate/data/__init__.py
      hash: md5
      md5: d41d8cd98f00b204e9800998ecf8427e
      size: 0
    - path: src/mhd_surrogate/data/grid.py
      hash: md5
      md5: 838dd3ea41d2816c0b63e6b6187b0729
      size: 503
    - path: src/mhd_surrogate/evaluation/__init__.py
      hash: md5
      md5: d41d8cd98f00b204e9800998ecf8427e
      size: 0
    - path: src/mhd_surrogate/evaluation/gate.py
      hash: md5
      md5: ebcef57620877e1b0a4df10f71f76206
      size: 2356
    - path: src/mhd_surrogate/evaluation/protocol.py
      hash: md5
      md5: bcd0af22015e2e49ca36cd084a56b380
      size: 6903
    - path: src/mhd_surrogate/evaluation/quantities.py
      hash: md5
      md5: e44a26ac69dca46aacf80c5552d84ca5
      size: 981
    - path: src/mhd_surrogate/evaluation/rollout.py
      hash: md5
      md5: 0a8833e4b66ef7f42c619ce6d0457bdc
      size: 4610
    - path: src/mhd_surrogate/evaluation/stability.py
      hash: md5
      md5: 6e1ff7f6cb92b1c673ca0807a25a0387
      size: 4415
    - path: src/mhd_surrogate/models/__init__.py
      hash: md5
      md5: d41d8cd98f00b204e9800998ecf8427e
      size: 0
    - path: src/mhd_surrogate/models/base.py
      hash: md5
      md5: 963a0132332e9b36582dfb54d63328bc
      size: 3752
    - path: src/mhd_surrogate/models/dmd.py
      hash: md5
      md5: 74c770078a008df7d31a5f40bf30e112
      size: 12819
    - path: src/mhd_surrogate/models/hankel_dmd.py
      hash: md5
      md5: a354860cf4c5e8a0f89500cd35c2f824
      size: 10166
    - path: src/mhd_surrogate/models/registry.py
      hash: md5
      md5: 18e4e51ebb8490c1569ad1610063cdb1
      size: 1741
    - path: src/mhd_surrogate/training/__init__.py
      hash: md5
      md5: d41d8cd98f00b204e9800998ecf8427e
      size: 0
    - path: src/mhd_surrogate/training/export.py
      hash: md5
      md5: 92d5723c2643e117d0ff24db07112d71
      size: 1929
    - path: src/mhd_surrogate/training/gating.py
      hash: md5
      md5: 7f4ff51ea65c0afa1b57d01f7de303e8
      size: 3401
    - path: src/mhd_surrogate/utils/__init__.py
      hash: md5
      md5: d41d8cd98f00b204e9800998ecf8427e
      size: 0
    - path: src/mhd_surrogate/utils/hydra_resolvers.py
      hash: md5
      md5: ed74e5be1ec98086305dcdbd3ec15aa2
      size: 746
    - path: src/mhd_surrogate/utils/jax_cache.py
      hash: md5
      md5: addd4bccd9b3a3c155ce933c0a3dd798
      size: 2166
    - path: src/mhd_surrogate/utils/jax_determinism.py
      hash: md5
      md5: bc4518fb1a024b36fa0f7c48a14de4bc
      size: 2182
    params:
      configs/data/re16k.yaml:
        context_steps: 80
        val_dataset: re16k_t400_6
        zarr_store: data/processed/re16k_t400.zarr
      configs/evaluation/default.yaml:
        gate:
          rollout_steps: 3000
          max_scores:
            energy_rel_error: 0.294
            enstrophy_rel_error: 0.758
            spectrum_x_lsd: 2.673
            spectrum_y_lsd: 2.147
            u_y_mean_offset: 1.0
            u_y_mean_std_ratio: 2.0
        stability:
          block_steps: 100
          max_ratio: 2.0
    outs:
    - path: models/hankel_dmd/gate.json
      hash: md5
      md5: 197b3168082c0e99559f495b88802efc
      size: 191
